
Microsoft Visual Studio Solution File, Format Version 12.00
# Visual Studio Version 17
VisualStudioVersion = 17.9.34728.123
MinimumVisualStudioVersion = 10.0.40219.1
Project("{9A19103F-16F7-4668-BE54-9A1E7A4F7556}") = "KarateChopApp", "KarateChopApp\KarateChopApp.csproj", "{8C749F05-A717-472B-B7C3-9C2EB7077939}"
EndProject
Global
	GlobalSection(SolutionConfigurationPlatforms) = preSolution
		Debug|Any CPU = Debug|Any CPU
		Release|Any CPU = Release|Any CPU
	EndGlobalSection
	GlobalSection(ProjectConfigurationPlatforms) = postSolution
		{8C749F05-A717-472B-B7C3-9C2EB7077939}.Debug|Any CPU.ActiveCfg = Debug|Any CPU
		{8C749F05-A717-472B-B7C3-9C2EB7077939}.Debug|Any CPU.Build.0 = Debug|Any CPU
		{8C749F05-A717-472B-B7C3-9C2EB7077939}.Release|Any CPU.ActiveCfg = Release|Any CPU
		{8C749F05-A717-472B-B7C3-9C2EB7077939}.Release|Any CPU.Build.0 = Release|Any CPU
	EndGlobalSection
	GlobalSection(SolutionProperties) = preSolution
		HideSolutionNode = FALSE
	EndGlobalSection
	GlobalSection(ExtensibilityGlobals) = postSolution
		SolutionGuid = {B0C6C672-BA95-4BD3-8AD8-5776FC5C6030}
	EndGlobalSection
EndGlobal
